
Microsoft Visual Studio Solution File, Format Version 12.00
# Visual Studio Version 17
VisualStudioVersion = 17.14.36414.22
MinimumVisualStudioVersion = 10.0.40219.1
Project("{FAE04EC0-301F-11D3-BF4B-00C04F79EFBC}") = "COP4365_Project2", "COP4365_Project1\COP4365_Project2.csproj", "{1ECBD6AC-F7A0-429D-8C24-188F12FF02CC}"
EndProject
Global
	GlobalSection(SolutionConfigurationPlatforms) = preSolution
		Debug|Any CPU = Debug|Any CPU
		Release|Any CPU = Release|Any CPU
	EndGlobalSection
	GlobalSection(ProjectConfigurationPlatforms) = postSolution
		{1ECBD6AC-F7A0-429D-8C24-188F12FF02CC}.Debug|Any CPU.ActiveCfg = Debug|Any CPU
		{1ECBD6AC-F7A0-429D-8C24-188F12FF02CC}.Debug|Any CPU.Build.0 = Debug|Any CPU
		{1ECBD6AC-F7A0-429D-8C24-188F12FF02CC}.Release|Any CPU.ActiveCfg = Release|Any CPU
		{1ECBD6AC-F7A0-429D-8C24-188F12FF02CC}.Release|Any CPU.Build.0 = Release|Any CPU
	EndGlobalSection
	GlobalSection(SolutionProperties) = preSolution
		HideSolutionNode = FALSE
	EndGlobalSection
	GlobalSection(ExtensibilityGlobals) = postSolution
		SolutionGuid = {6D3D5694-5C19-46F0-A50D-B9D343AE12E1}
	EndGlobalSection
EndGlobal
